
Microsoft Visual Studio Solution File, Format Version 12.00
# Visual Studio Version 16
VisualStudioVersion = 16.0.30804.86
MinimumVisualStudioVersion = 10.0.40219.1
Project("{FAE04EC0-301F-11D3-BF4B-00C04F79EFBC}") = "hello_world", "hello_world\hello_world.csproj", "{5D86D927-6101-4245-BEDE-850A1C313B9F}"
EndProject
Global
	GlobalSection(SolutionConfigurationPlatforms) = preSolution
		Debug|Any CPU = Debug|Any CPU
		Release|Any CPU = Release|Any CPU
	EndGlobalSection
	GlobalSection(ProjectConfigurationPlatforms) = postSolution
		{5D86D927-6101-4245-BEDE-850A1C313B9F}.Debug|Any CPU.ActiveCfg = Debug|Any CPU
		{5D86D927-6101-4245-BEDE-850A1C313B9F}.Debug|Any CPU.Build.0 = Debug|Any CPU
		{5D86D927-6101-4245-BEDE-850A1C313B9F}.Release|Any CPU.ActiveCfg = Release|Any CPU
		{5D86D927-6101-4245-BEDE-850A1C313B9F}.Release|Any CPU.Build.0 = Release|Any CPU
	EndGlobalSection
	GlobalSection(SolutionProperties) = preSolution
		HideSolutionNode = FALSE
	EndGlobalSection
	GlobalSection(ExtensibilityGlobals) = postSolution
		SolutionGuid = {8ACF7256-120B-422D-85C1-6CB1C4706B73}
	EndGlobalSection
EndGlobal
